PODS:
  - HyphenateFullSDK (3.1.3)

DEPENDENCIES:
  - HyphenateFullSDK (from `https://github.com/easemob/hyphenate-full-cocoapods.git`)

EXTERNAL SOURCES:
  HyphenateFullSDK:
    :git: https://github.com/easemob/hyphenate-full-cocoapods.git

CHECKOUT OPTIONS:
  HyphenateFullSDK:
    :commit: 904016687d6099c0158971380be7e8cd859fb79e
    :git: https://github.com/easemob/hyphenate-full-cocoapods.git

SPEC CHECKSUMS:
  HyphenateFullSDK: 8b5b092055480308a47c9bb9b78baed7f45f7713

COCOAPODS: 0.39.0
